
Microsoft Visual Studio Solution File, Format Version 12.00
# Visual Studio Version 16
VisualStudioVersion = 16.0.31729.503
MinimumVisualStudioVersion = 10.0.40219.1
Project("{2150E333-8FDC-42A3-9474-1A3956D46DE8}") = "Services", "Services", "{518B5E32-5D62-451B-84A3-34AE63078EFD}"
EndProject
Project("{2150E333-8FDC-42A3-9474-1A3956D46DE8}") = "Catlog", "Catlog", "{679DAEC8-DECC-4323-9EE9-461010853381}"
EndProject
Project("{FAE04EC0-301F-11D3-BF4B-00C04F79EFBC}") = "Catlog.Api", "src\Services\Catalog\Catlog.Api\Catlog.Api.csproj", "{5512EA3E-0397-4072-9005-E70F3603BBF4}"
EndProject
Global
	GlobalSection(SolutionConfigurationPlatforms) = preSolution
		Debug|Any CPU = Debug|Any CPU
		Release|Any CPU = Release|Any CPU
	EndGlobalSection
	GlobalSection(ProjectConfigurationPlatforms) = postSolution
		{5512EA3E-0397-4072-9005-E70F3603BBF4}.Debug|Any CPU.ActiveCfg = Debug|Any CPU
		{5512EA3E-0397-4072-9005-E70F3603BBF4}.Debug|Any CPU.Build.0 = Debug|Any CPU
		{5512EA3E-0397-4072-9005-E70F3603BBF4}.Release|Any CPU.ActiveCfg = Release|Any CPU
		{5512EA3E-0397-4072-9005-E70F3603BBF4}.Release|Any CPU.Build.0 = Release|Any CPU
	EndGlobalSection
	GlobalSection(SolutionProperties) = preSolution
		HideSolutionNode = FALSE
	EndGlobalSection
	GlobalSection(NestedProjects) = preSolution
		{679DAEC8-DECC-4323-9EE9-461010853381} = {518B5E32-5D62-451B-84A3-34AE63078EFD}
		{5512EA3E-0397-4072-9005-E70F3603BBF4} = {679DAEC8-DECC-4323-9EE9-461010853381}
	EndGlobalSection
	GlobalSection(ExtensibilityGlobals) = postSolution
		SolutionGuid = {371D1ABF-B6CA-462E-846B-DAA87930CC12}
	EndGlobalSection
EndGlobal
